
Microsoft Visual Studio Solution File, Format Version 12.00
# Visual Studio 14
VisualStudioVersion = 14.0.25420.1
MinimumVisualStudioVersion = 10.0.40219.1
Project("{FAE04EC0-301F-11D3-BF4B-00C04F79EFBC}") = "01-unique-usernames", "01-unique-usernames\01-unique-usernames.csproj", "{C6749540-2F22-409E-9D8A-C88B6345D95F}"
EndProject
Project("{FAE04EC0-301F-11D3-BF4B-00C04F79EFBC}") = "02-sets-of-elements", "02-sets-of-elements\02-sets-of-elements.csproj", "{B2EBF412-B63C-4F3F-9549-CF0B89C9CB6E}"
EndProject
Project("{FAE04EC0-301F-11D3-BF4B-00C04F79EFBC}") = "03-periodic-table", "03-periodic-table\03-periodic-table.csproj", "{17599C1B-9F3C-4108-856B-74FF91905F99}"
EndProject
Project("{FAE04EC0-301F-11D3-BF4B-00C04F79EFBC}") = "04-count-symbols", "04-count-symbols\04-count-symbols.csproj", "{224238EC-65FE-4358-A555-AD2E82125461}"
EndProject
Project("{FAE04EC0-301F-11D3-BF4B-00C04F79EFBC}") = "05-phonebook", "05-phonebook\05-phonebook.csproj", "{E77D51FE-054A-4850-8081-C75412B1DBA6}"
EndProject
Project("{FAE04EC0-301F-11D3-BF4B-00C04F79EFBC}") = "06-a-miner-task", "06-a-miner-task\06-a-miner-task.csproj", "{28F2D9F2-E556-4C9C-BFC5-A5FDBB716CA0}"
EndProject
Project("{FAE04EC0-301F-11D3-BF4B-00C04F79EFBC}") = "07-fix-emails", "07-fix-emails\07-fix-emails.csproj", "{FF0EB71B-2E24-4F0C-A082-7C20FE61B6C5}"
EndProject
Project("{FAE04EC0-301F-11D3-BF4B-00C04F79EFBC}") = "08-hands-of-cards", "08-hands-of-cards\08-hands-of-cards.csproj", "{1A477D7E-0F59-48B0-9E1C-A5E03785DF31}"
EndProject
Project("{FAE04EC0-301F-11D3-BF4B-00C04F79EFBC}") = "09-user-logs", "09-user-logs\09-user-logs.csproj", "{91EE16B0-1898-4D33-AB5B-3C5C28602C5F}"
EndProject
Project("{FAE04EC0-301F-11D3-BF4B-00C04F79EFBC}") = "10-population-counter", "10-population-counter\10-population-counter.csproj", "{8969C09D-1BD9-457B-9C6D-266244EA9CB0}"
EndProject
Project("{FAE04EC0-301F-11D3-BF4B-00C04F79EFBC}") = "11-logs-aggregator", "11-logs-aggregator\11-logs-aggregator.csproj", "{62BEE2EA-0E09-4997-8C97-86D1BA0F6459}"
EndProject
Project("{FAE04EC0-301F-11D3-BF4B-00C04F79EFBC}") = "12-legendary-farming", "12-legendary-farming\12-legendary-farming.csproj", "{58074D30-F88E-4821-A634-976A71436120}"
EndProject
Project("{FAE04EC0-301F-11D3-BF4B-00C04F79EFBC}") = "13-srybsko-unleashed", "13-srybsko-unleashed\13-srybsko-unleashed.csproj", "{AB42180D-2C67-491E-9DC6-EED2AF3D4B87}"
EndProject
Project("{FAE04EC0-301F-11D3-BF4B-00C04F79EFBC}") = "14-dragon-army", "14-dragon-army\14-dragon-army.csproj", "{0AE421B2-76C4-4F16-8DEA-B31B06EA5404}"
EndProject
Global
	GlobalSection(SolutionConfigurationPlatforms) = preSolution
		Debug|Any CPU = Debug|Any CPU
		Release|Any CPU = Release|Any CPU
	EndGlobalSection
	GlobalSection(ProjectConfigurationPlatforms) = postSolution
		{C6749540-2F22-409E-9D8A-C88B6345D95F}.Debug|Any CPU.ActiveCfg = Debug|Any CPU
		{C6749540-2F22-409E-9D8A-C88B6345D95F}.Debug|Any CPU.Build.0 = Debug|Any CPU
		{C6749540-2F22-409E-9D8A-C88B6345D95F}.Release|Any CPU.ActiveCfg = Release|Any CPU
		{C6749540-2F22-409E-9D8A-C88B6345D95F}.Release|Any CPU.Build.0 = Release|Any CPU
		{B2EBF412-B63C-4F3F-9549-CF0B89C9CB6E}.Debug|Any CPU.ActiveCfg = Debug|Any CPU
		{B2EBF412-B63C-4F3F-9549-CF0B89C9CB6E}.Debug|Any CPU.Build.0 = Debug|Any CPU
		{B2EBF412-B63C-4F3F-9549-CF0B89C9CB6E}.Release|Any CPU.ActiveCfg = Release|Any CPU
		{B2EBF412-B63C-4F3F-9549-CF0B89C9CB6E}.Release|Any CPU.Build.0 = Release|Any CPU
		{17599C1B-9F3C-4108-856B-74FF91905F99}.Debug|Any CPU.ActiveCfg = Debug|Any CPU
		{17599C1B-9F3C-4108-856B-74FF91905F99}.Debug|Any CPU.Build.0 = Debug|Any CPU
		{17599C1B-9F3C-4108-856B-74FF91905F99}.Release|Any CPU.ActiveCfg = Release|Any CPU
		{17599C1B-9F3C-4108-856B-74FF91905F99}.Release|Any CPU.Build.0 = Release|Any CPU
		{224238EC-65FE-4358-A555-AD2E82125461}.Debug|Any CPU.ActiveCfg = Debug|Any CPU
		{224238EC-65FE-4358-A555-AD2E82125461}.Debug|Any CPU.Build.0 = Debug|Any CPU
		{224238EC-65FE-4358-A555-AD2E82125461}.Release|Any CPU.ActiveCfg = Release|Any CPU
		{224238EC-65FE-4358-A555-AD2E82125461}.Release|Any CPU.Build.0 = Release|Any CPU
		{E77D51FE-054A-4850-8081-C75412B1DBA6}.Debug|Any CPU.ActiveCfg = Debug|Any CPU
		{E77D51FE-054A-4850-8081-C75412B1DBA6}.Debug|Any CPU.Build.0 = Debug|Any CPU
		{E77D51FE-054A-4850-8081-C75412B1DBA6}.Release|Any CPU.ActiveCfg = Release|Any CPU
		{E77D51FE-054A-4850-8081-C75412B1DBA6}.Release|Any CPU.Build.0 = Release|Any CPU
		{28F2D9F2-E556-4C9C-BFC5-A5FDBB716CA0}.Debug|Any CPU.ActiveCfg = Debug|Any CPU
		{28F2D9F2-E556-4C9C-BFC5-A5FDBB716CA0}.Debug|Any CPU.Build.0 = Debug|Any CPU
		{28F2D9F2-E556-4C9C-BFC5-A5FDBB716CA0}.Release|Any CPU.ActiveCfg = Release|Any CPU
		{28F2D9F2-E556-4C9C-BFC5-A5FDBB716CA0}.Release|Any CPU.Build.0 = Release|Any CPU
		{FF0EB71B-2E24-4F0C-A082-7C20FE61B6C5}.Debug|Any CPU.ActiveCfg = Debug|Any CPU
		{FF0EB71B-2E24-4F0C-A082-7C20FE61B6C5}.Debug|Any CPU.Build.0 = Debug|Any CPU
		{FF0EB71B-2E24-4F0C-A082-7C20FE61B6C5}.Release|Any CPU.ActiveCfg = Release|Any CPU
		{FF0EB71B-2E24-4F0C-A082-7C20FE61B6C5}.Release|Any CPU.Build.0 = Release|Any CPU
		{1A477D7E-0F59-48B0-9E1C-A5E03785DF31}.Debug|Any CPU.ActiveCfg = Debug|Any CPU
		{1A477D7E-0F59-48B0-9E1C-A5E03785DF31}.Debug|Any CPU.Build.0 = Debug|Any CPU
		{1A477D7E-0F59-48B0-9E1C-A5E03785DF31}.Release|Any CPU.ActiveCfg = Release|Any CPU
		{1A477D7E-0F59-48B0-9E1C-A5E03785DF31}.Release|Any CPU.Build.0 = Release|Any CPU
		{91EE16B0-1898-4D33-AB5B-3C5C28602C5F}.Debug|Any CPU.ActiveCfg = Debug|Any CPU
		{91EE16B0-1898-4D33-AB5B-3C5C28602C5F}.Debug|Any CPU.Build.0 = Debug|Any CPU
		{91EE16B0-1898-4D33-AB5B-3C5C28602C5F}.Release|Any CPU.ActiveCfg = Release|Any CPU
		{91EE16B0-1898-4D33-AB5B-3C5C28602C5F}.Release|Any CPU.Build.0 = Release|Any CPU
		{8969C09D-1BD9-457B-9C6D-266244EA9CB0}.Debug|Any CPU.ActiveCfg = Debug|Any CPU
		{8969C09D-1BD9-457B-9C6D-266244EA9CB0}.Debug|Any CPU.Build.0 = Debug|Any CPU
		{8969C09D-1BD9-457B-9C6D-266244EA9CB0}.Release|Any CPU.ActiveCfg = Release|Any CPU
		{8969C09D-1BD9-457B-9C6D-266244EA9CB0}.Release|Any CPU.Build.0 = Release|Any CPU
		{62BEE2EA-0E09-4997-8C97-86D1BA0F6459}.Debug|Any CPU.ActiveCfg = Debug|Any CPU
		{62BEE2EA-0E09-4997-8C97-86D1BA0F6459}.Debug|Any CPU.Build.0 = Debug|Any CPU
		{62BEE2EA-0E09-4997-8C97-86D1BA0F6459}.Release|Any CPU.ActiveCfg = Release|Any CPU
		{62BEE2EA-0E09-4997-8C97-86D1BA0F6459}.Release|Any CPU.Build.0 = Release|Any CPU
		{58074D30-F88E-4821-A634-976A71436120}.Debug|Any CPU.ActiveCfg = Debug|Any CPU
		{58074D30-F88E-4821-A634-976A71436120}.Debug|Any CPU.Build.0 = Debug|Any CPU
		{58074D30-F88E-4821-A634-976A71436120}.Release|Any CPU.ActiveCfg = Release|Any CPU
		{58074D30-F88E-4821-A634-976A71436120}.Release|Any CPU.Build.0 = Release|Any CPU
		{AB42180D-2C67-491E-9DC6-EED2AF3D4B87}.Debug|Any CPU.ActiveCfg = Debug|Any CPU
		{AB42180D-2C67-491E-9DC6-EED2AF3D4B87}.Debug|Any CPU.Build.0 = Debug|Any CPU
		{AB42180D-2C67-491E-9DC6-EED2AF3D4B87}.Release|Any CPU.ActiveCfg = Release|Any CPU
		{AB42180D-2C67-491E-9DC6-EED2AF3D4B87}.Release|Any CPU.Build.0 = Release|Any CPU
		{0AE421B2-76C4-4F16-8DEA-B31B06EA5404}.Debug|Any CPU.ActiveCfg = Debug|Any CPU
		{0AE421B2-76C4-4F16-8DEA-B31B06EA5404}.Debug|Any CPU.Build.0 = Debug|Any CPU
		{0AE421B2-76C4-4F16-8DEA-B31B06EA5404}.Release|Any CPU.ActiveCfg = Release|Any CPU
		{0AE421B2-76C4-4F16-8DEA-B31B06EA5404}.Release|Any CPU.Build.0 = Release|Any CPU
	EndGlobalSection
	GlobalSection(SolutionProperties) = preSolution
		HideSolutionNode = FALSE
	EndGlobalSection
EndGlobal
