
Microsoft Visual Studio Solution File, Format Version 12.00
# Visual Studio 14
VisualStudioVersion = 14.0.25420.1
MinimumVisualStudioVersion = 10.0.40219.1
Project("{FAE04EC0-301F-11D3-BF4B-00C04F79EFBC}") = "01-students-results", "01-students-results\01-students-results.csproj", "{0374D66F-1123-43A9-9B76-42419FEF0E65}"
EndProject
Project("{FAE04EC0-301F-11D3-BF4B-00C04F79EFBC}") = "02-parse-urls", "02-parse-urls\02-parse-urls.csproj", "{7B0AF32E-9C89-4F0B-BCAF-CD89A774F605}"
EndProject
Project("{FAE04EC0-301F-11D3-BF4B-00C04F79EFBC}") = "03-parse-tags", "03-parse-tags\03-parse-tags.csproj", "{68763FB8-A6D1-4E75-9782-48591CFAE5D3}"
EndProject
Project("{FAE04EC0-301F-11D3-BF4B-00C04F79EFBC}") = "04-special-words", "04-special-words\04-special-words.csproj", "{D7D19E98-6F20-4A53-BCFC-D96882D3EBE7}"
EndProject
Project("{FAE04EC0-301F-11D3-BF4B-00C04F79EFBC}") = "05-concatenate-strings", "05-concatenate-strings\05-concatenate-strings.csproj", "{C9BA9B01-0CF8-481F-AA48-32617E584555}"
EndProject
Global
	GlobalSection(SolutionConfigurationPlatforms) = preSolution
		Debug|Any CPU = Debug|Any CPU
		Release|Any CPU = Release|Any CPU
	EndGlobalSection
	GlobalSection(ProjectConfigurationPlatforms) = postSolution
		{0374D66F-1123-43A9-9B76-42419FEF0E65}.Debug|Any CPU.ActiveCfg = Debug|Any CPU
		{0374D66F-1123-43A9-9B76-42419FEF0E65}.Debug|Any CPU.Build.0 = Debug|Any CPU
		{0374D66F-1123-43A9-9B76-42419FEF0E65}.Release|Any CPU.ActiveCfg = Release|Any CPU
		{0374D66F-1123-43A9-9B76-42419FEF0E65}.Release|Any CPU.Build.0 = Release|Any CPU
		{7B0AF32E-9C89-4F0B-BCAF-CD89A774F605}.Debug|Any CPU.ActiveCfg = Debug|Any CPU
		{7B0AF32E-9C89-4F0B-BCAF-CD89A774F605}.Debug|Any CPU.Build.0 = Debug|Any CPU
		{7B0AF32E-9C89-4F0B-BCAF-CD89A774F605}.Release|Any CPU.ActiveCfg = Release|Any CPU
		{7B0AF32E-9C89-4F0B-BCAF-CD89A774F605}.Release|Any CPU.Build.0 = Release|Any CPU
		{68763FB8-A6D1-4E75-9782-48591CFAE5D3}.Debug|Any CPU.ActiveCfg = Debug|Any CPU
		{68763FB8-A6D1-4E75-9782-48591CFAE5D3}.Debug|Any CPU.Build.0 = Debug|Any CPU
		{68763FB8-A6D1-4E75-9782-48591CFAE5D3}.Release|Any CPU.ActiveCfg = Release|Any CPU
		{68763FB8-A6D1-4E75-9782-48591CFAE5D3}.Release|Any CPU.Build.0 = Release|Any CPU
		{D7D19E98-6F20-4A53-BCFC-D96882D3EBE7}.Debug|Any CPU.ActiveCfg = Debug|Any CPU
		{D7D19E98-6F20-4A53-BCFC-D96882D3EBE7}.Debug|Any CPU.Build.0 = Debug|Any CPU
		{D7D19E98-6F20-4A53-BCFC-D96882D3EBE7}.Release|Any CPU.ActiveCfg = Release|Any CPU
		{D7D19E98-6F20-4A53-BCFC-D96882D3EBE7}.Release|Any CPU.Build.0 = Release|Any CPU
		{C9BA9B01-0CF8-481F-AA48-32617E584555}.Debug|Any CPU.ActiveCfg = Debug|Any CPU
		{C9BA9B01-0CF8-481F-AA48-32617E584555}.Debug|Any CPU.Build.0 = Debug|Any CPU
		{C9BA9B01-0CF8-481F-AA48-32617E584555}.Release|Any CPU.ActiveCfg = Release|Any CPU
		{C9BA9B01-0CF8-481F-AA48-32617E584555}.Release|Any CPU.Build.0 = Release|Any CPU
	EndGlobalSection
	GlobalSection(SolutionProperties) = preSolution
		HideSolutionNode = FALSE
	EndGlobalSection
EndGlobal
